
Microsoft Visual Studio Solution File, Format Version 12.00
# Visual Studio Version 17
VisualStudioVersion = 17.6.33829.357
MinimumVisualStudioVersion = 10.0.40219.1
Project("{FAE04EC0-301F-11D3-BF4B-00C04F79EFBC}") = "PerspectivaCliente", "PerspectivaCliente\PerspectivaCliente.csproj", "{DD7F3BCD-097D-446A-8B7E-A11DA7E338F6}"
EndProject
Global
	GlobalSection(SolutionConfigurationPlatforms) = preSolution
		Debug|Any CPU = Debug|Any CPU
		Release|Any CPU = Release|Any CPU
	EndGlobalSection
	GlobalSection(ProjectConfigurationPlatforms) = postSolution
		{DD7F3BCD-097D-446A-8B7E-A11DA7E338F6}.Debug|Any CPU.ActiveCfg = Debug|Any CPU
		{DD7F3BCD-097D-446A-8B7E-A11DA7E338F6}.Debug|Any CPU.Build.0 = Debug|Any CPU
		{DD7F3BCD-097D-446A-8B7E-A11DA7E338F6}.Release|Any CPU.ActiveCfg = Release|Any CPU
		{DD7F3BCD-097D-446A-8B7E-A11DA7E338F6}.Release|Any CPU.Build.0 = Release|Any CPU
	EndGlobalSection
	GlobalSection(SolutionProperties) = preSolution
		HideSolutionNode = FALSE
	EndGlobalSection
	GlobalSection(ExtensibilityGlobals) = postSolution
		SolutionGuid = {321897C0-43BB-4620-840E-92AE3828299B}
	EndGlobalSection
EndGlobal
